{
  "name": "trailgenic-workers",
  "version": "1.4.0",
  "lockfileVersion": 3,
  "requires": true,
  "packages": {
    "": {
      "name": "trailgenic-workers",
      "version": "1.4.0",
      "dependencies": {
        "@modelcontextprotocol/sdk": "^1.29.0",
        "agents": "^0.0.115",
        "ajv": "^8.17.1",
        "zod": "^3.25.76"
      },
      "devDependencies": {
        "@cloudflare/vitest-pool-workers": "^0.9.7",
        "vitest": "^3.2.4",
        "wrangler": "^4.25.0"
      }
    }
  }
}
